{
  "originHash" : "267d6f96ce7238bb580d99758f3237a0fbc185c7c500e30802ef6a1fde992e64",
  "pins" : [
    {
      "identity" : "snapkit",
      "kind" : "remoteSourceControl",
      "location" : "https://github.com/SnapKit/SnapKit.git",
      "state" : {
        "revision" : "2842e6e84e82eb9a8dac0100ca90d9444b0307f4",
        "version" : "5.7.1"
      }
    },
    {
      "identity" : "swiftlintplugins",
      "kind" : "remoteSourceControl",
      "location" : "https://github.com/SimplyDanny/SwiftLintPlugins",
      "state" : {
        "revision" : "7c80ce6f142164b0201871e580b021d1b2c69804",
        "version" : "0.57.0"
      }
    }
  ],
  "version" : 3
}
